// !$*UTF8*$!
{
	archiveVersion = 1;
	classes = {
	};
	objectVersion = 46;
	objects = {

/* Begin PBXBuildFile section */
		0AC1614A1BFDEBE5004A8591 /* main.m in Sources */ = {isa = PBXBuildFile; fileRef = 0AC161491BFDEBE5004A8591 /* main.m */; };
		0AC1614D1BFDEBE5004A8591 /* AppDelegate.m in Sources */ = {isa = PBXBuildFile; fileRef = 0AC1614C1BFDEBE5004A8591 /* AppDelegate.m */; };
		0AC161501BFDEBE5004A8591 /* ViewController.m in Sources */ = {isa = PBXBuildFile; fileRef = 0AC1614F1BFDEBE5004A8591 /* ViewController.m */; };
		0AC161531BFDEBE5004A8591 /* Main.storyboard in Resources */ = {isa = PBXBuildFile; fileRef = 0AC161511BFDEBE5004A8591 /* Main.storyboard */; };
		0AC161551BFDEBE5004A8591 /* Images.xcassets in Resources */ = {isa = PBXBuildFile; fileRef = 0AC161541BFDEBE5004A8591 /* Images.xcassets */; };
		0AC161581BFDEBE5004A8591 /* LaunchScreen.xib in Resources */ = {isa = PBXBuildFile; fileRef = 0AC161561BFDEBE5004A8591 /* LaunchScreen.xib */; };
		0AC161641BFDEBE5004A8591 /* ZRSimpleDrawerTests.m in Sources */ = {isa = PBXBuildFile; fileRef = 0AC161631BFDEBE5004A8591 /* ZRSimpleDrawerTests.m */; };
		0AC161731BFDEC09004A8591 /* CenterViewController.m in Sources */ = {isa = PBXBuildFile; fileRef = 0AC1616E1BFDEC09004A8591 /* CenterViewController.m */; };
		0AC161741BFDEC09004A8591 /* LeftViewController.m in Sources */ = {isa = PBXBuildFile; fileRef = 0AC161701BFDEC09004A8591 /* LeftViewController.m */; };
		0AC161751BFDEC09004A8591 /* RootViewController.m in Sources */ = {isa = PBXBuildFile; fileRef = 0AC161721BFDEC09004A8591 /* RootViewController.m */; };
/* End PBXBuildFile section */

/* Begin PBXContainerItemProxy section */
		0AC1615E1BFDEBE5004A8591 /* PBXContainerItemProxy */ = {
			isa = PBXContainerItemProxy;
			containerPortal = 0AC1613C1BFDEBE5004A8591 /* Project object */;
			proxyType = 1;
			remoteGlobalIDString = 0AC161431BFDEBE5004A8591;
			remoteInfo = ZRSimpleDrawer;
		};
/* End PBXContainerItemProxy section */

/* Begin PBXFileReference section */
		0AC161441BFDEBE5004A8591 /* ZRSimpleDrawer.app */ = {isa = PBXFileReference; explicitFileType = wrapper.application; includeInIndex = 0; path = ZRSimpleDrawer.app; sourceTree = BUILT_PRODUCTS_DIR; };
		0AC161481BFDEBE5004A8591 /* Info.plist */ = {isa = PBXFileReference; lastKnownFileType = text.plist.xml; path = Info.plist; sourceTree = "<group>"; };
		0AC161491BFDEBE5004A8591 /* main.m */ = {isa = PBXFileReference; lastKnownFileType = sourcecode.c.objc; path = main.m; sourceTree = "<group>"; };
		0AC1614B1BFDEBE5004A8591 /* AppDelegate.h */ = {isa = PBXFileReference; lastKnownFileType = sourcecode.c.h; path = AppDelegate.h; sourceTree = "<group>"; };
		0AC1614C1BFDEBE5004A8591 /* AppDelegate.m */ = {isa = PBXFileReference; lastKnownFileType = sourcecode.c.objc; path = AppDelegate.m; sourceTree = "<group>"; };
		0AC1614E1BFDEBE5004A8591 /* ViewController.h */ = {isa = PBXFileReference; lastKnownFileType = sourcecode.c.h; path = ViewController.h; sourceTree = "<group>"; };
		0AC1614F1BFDEBE5004A8591 /* ViewController.m */ = {isa = PBXFileReference; lastKnownFileType = sourcecode.c.objc; path = ViewController.m; sourceTree = "<group>"; };
		0AC161521BFDEBE5004A8591 /* Base */ = {isa = PBXFileReference; lastKnownFileType = file.storyboard; name = Base; path = Base.lproj/Main.storyboard; sourceTree = "<group>"; };
		0AC161541BFDEBE5004A8591 /* Images.xcassets */ = {isa = PBXFileReference; lastKnownFileType = folder.assetcatalog; path = Images.xcassets; sourceTree = "<group>"; };
		0AC161571BFDEBE5004A8591 /* Base */ = {isa = PBXFileReference; lastKnownFileType = file.xib; name = Base; path = Base.lproj/LaunchScreen.xib; sourceTree = "<group>"; };
		0AC1615D1BFDEBE5004A8591 /* ZRSimpleDrawerTests.xctest */ = {isa = PBXFileReference; explicitFileType = wrapper.cfbundle; includeInIndex = 0; path = ZRSimpleDrawerTests.xctest; sourceTree = BUILT_PRODUCTS_DIR; };
		0AC161621BFDEBE5004A8591 /* Info.plist */ = {isa = PBXFileReference; lastKnownFileType = text.plist.xml; path = Info.plist; sourceTree = "<group>"; };
		0AC161631BFDEBE5004A8591 /* ZRSimpleDrawerTests.m */ = {isa = PBXFileReference; lastKnownFileType = sourcecode.c.objc; path = ZRSimpleDrawerTests.m; sourceTree = "<group>"; };
		0AC1616D1BFDEC09004A8591 /* CenterViewController.h */ = {isa = PBXFileReference; fileEncoding = 4; lastKnownFileType = sourcecode.c.h; path = CenterViewController.h; sourceTree = "<group>"; };
		0AC1616E1BFDEC09004A8591 /* CenterViewController.m */ = {isa = PBXFileReference; fileEncoding = 4; lastKnownFileType = sourcecode.c.objc; path = CenterViewController.m; sourceTree = "<group>"; };
		0AC1616F1BFDEC09004A8591 /* LeftViewController.h */ = {isa = PBXFileReference; fileEncoding = 4; lastKnownFileType = sourcecode.c.h; path = LeftViewController.h; sourceTree = "<group>"; };
		0AC161701BFDEC09004A8591 /* LeftViewController.m */ = {isa = PBXFileReference; fileEncoding = 4; lastKnownFileType = sourcecode.c.objc; path = LeftViewController.m; sourceTree = "<group>"; };
		0AC161711BFDEC09004A8591 /* RootViewController.h */ = {isa = PBXFileReference; fileEncoding = 4; lastKnownFileType = sourcecode.c.h; path = RootViewController.h; sourceTree = "<group>"; };
		0AC161721BFDEC09004A8591 /* RootViewController.m */ = {isa = PBXFileReference; fileEncoding = 4; lastKnownFileType = sourcecode.c.objc; path = RootViewController.m; sourceTree = "<group>"; };
/* End PBXFileReference section */

/* Begin PBXFrameworksBuildPhase section */
		0AC161411BFDEBE5004A8591 /* Frameworks */ = {
			isa = PBXFrameworksBuildPhase;
			buildActionMask = 2147483647;
			files = (
			);
			runOnlyForDeploymentPostprocessing = 0;
		};
		0AC1615A1BFDEBE5004A8591 /* Frameworks */ = {
			isa = PBXFrameworksBuildPhase;
			buildActionMask = 2147483647;
			files = (
			);
			runOnlyForDeploymentPostprocessing = 0;
		};
/* End PBXFrameworksBuildPhase section */

/* Begin PBXGroup section */
		0AC1613B1BFDEBE5004A8591 = {
			isa = PBXGroup;
			children = (
				0AC161461BFDEBE5004A8591 /* ZRSimpleDrawer */,
				0AC161601BFDEBE5004A8591 /* ZRSimpleDrawerTests */,
				0AC161451BFDEBE5004A8591 /* Products */,
			);
			sourceTree = "<group>";
		};
		0AC161451BFDEBE5004A8591 /* Products */ = {
			isa = PBXGroup;
			children = (
				0AC161441BFDEBE5004A8591 /* ZRSimpleDrawer.app */,
				0AC1615D1BFDEBE5004A8591 /* ZRSimpleDrawerTests.xctest */,
			);
			name = Products;
			sourceTree = "<group>";
		};
		0AC161461BFDEBE5004A8591 /* ZRSimpleDrawer */ = {
			isa = PBXGroup;
			children = (
				0AC1614B1BFDEBE5004A8591 /* AppDelegate.h */,
				0AC1614C1BFDEBE5004A8591 /* AppDelegate.m */,
				0AC1614E1BFDEBE5004A8591 /* ViewController.h */,
				0AC1614F1BFDEBE5004A8591 /* ViewController.m */,
				0AC1616D1BFDEC09004A8591 /* CenterViewController.h */,
				0AC1616E1BFDEC09004A8591 /* CenterViewController.m */,
				0AC1616F1BFDEC09004A8591 /* LeftViewController.h */,
				0AC161701BFDEC09004A8591 /* LeftViewController.m */,
				0AC161711BFDEC09004A8591 /* RootViewController.h */,
				0AC161721BFDEC09004A8591 /* RootViewController.m */,
				0AC161511BFDEBE5004A8591 /* Main.storyboard */,
				0AC161541BFDEBE5004A8591 /* Images.xcassets */,
				0AC161561BFDEBE5004A8591 /* LaunchScreen.xib */,
				0AC161471BFDEBE5004A8591 /* Supporting Files */,
			);
			path = ZRSimpleDrawer;
			sourceTree = "<group>";
		};
		0AC161471BFDEBE5004A8591 /* Supporting Files */ = {
			isa = PBXGroup;
			children = (
				0AC161481BFDEBE5004A8591 /* Info.plist */,
				0AC161491BFDEBE5004A8591 /* main.m */,
			);
			name = "Supporting Files";
			sourceTree = "<group>";
		};
		0AC161601BFDEBE5004A8591 /* ZRSimpleDrawerTests */ = {
			isa = PBXGroup;
			children = (
				0AC161631BFDEBE5004A8591 /* ZRSimpleDrawerTests.m */,
				0AC161611BFDEBE5004A8591 /* Supporting Files */,
			);
			path = ZRSimpleDrawerTests;
			sourceTree = "<group>";
		};
		0AC161611BFDEBE5004A8591 /* Supporting Files */ = {
			isa = PBXGroup;
			children = (
				0AC161621BFDEBE5004A8591 /* Info.plist */,
			);
			name = "Supporting Files";
			sourceTree = "<group>";
		};
/* End PBXGroup section */

/* Begin PBXNativeTarget section */
		0AC161431BFDEBE5004A8591 /* ZRSimpleDrawer */ = {
			isa = PBXNativeTarget;
			buildConfigurationList = 0AC161671BFDEBE5004A8591 /* Build configuration list for PBXNativeTarget "ZRSimpleDrawer" */;
			buildPhases = (
				0AC161401BFDEBE5004A8591 /* Sources */,
				0AC161411BFDEBE5004A8591 /* Frameworks */,
				0AC161421BFDEBE5004A8591 /* Resources */,
			);
			buildRules = (
			);
			dependencies = (
			);
			name = ZRSimpleDrawer;
			productName = ZRSimpleDrawer;
			productReference = 0AC161441BFDEBE5004A8591 /* ZRSimpleDrawer.app */;
			productType = "com.apple.product-type.application";
		};
		0AC1615C1BFDEBE5004A8591 /* ZRSimpleDrawerTests */ = {
			isa = PBXNativeTarget;
			buildConfigurationList = 0AC1616A1BFDEBE5004A8591 /* Build configuration list for PBXNativeTarget "ZRSimpleDrawerTests" */;
			buildPhases = (
				0AC161591BFDEBE5004A8591 /* Sources */,
				0AC1615A1BFDEBE5004A8591 /* Frameworks */,
				0AC1615B1BFDEBE5004A8591 /* Resources */,
			);
			buildRules = (
			);
			dependencies = (
				0AC1615F1BFDEBE5004A8591 /* PBXTargetDependency */,
			);
			name = ZRSimpleDrawerTests;
			productName = ZRSimpleDrawerTests;
			productReference = 0AC1615D1BFDEBE5004A8591 /* ZRSimpleDrawerTests.xctest */;
			productType = "com.apple.product-type.bundle.unit-test";
		};
/* End PBXNativeTarget section */

/* Begin PBXProject section */
		0AC1613C1BFDEBE5004A8591 /* Project object */ = {
			isa = PBXProject;
			attributes = {
				LastUpgradeCheck = 0610;
				ORGANIZATIONNAME = HZR;
				TargetAttributes = {
					0AC161431BFDEBE5004A8591 = {
						CreatedOnToolsVersion = 6.1;
					};
					0AC1615C1BFDEBE5004A8591 = {
						CreatedOnToolsVersion = 6.1;
						TestTargetID = 0AC161431BFDEBE5004A8591;
					};
				};
			};
			buildConfigurationList = 0AC1613F1BFDEBE5004A8591 /* Build configuration list for PBXProject "ZRSimpleDrawer" */;
			compatibilityVersion = "Xcode 3.2";
			developmentRegion = English;
			hasScannedForEncodings = 0;
			knownRegions = (
				en,
				Base,
			);
			mainGroup = 0AC1613B1BFDEBE5004A8591;
			productRefGroup = 0AC161451BFDEBE5004A8591 /* Products */;
			projectDirPath = "";
			projectRoot = "";
			targets = (
				0AC161431BFDEBE5004A8591 /* ZRSimpleDrawer */,
				0AC1615C1BFDEBE5004A8591 /* ZRSimpleDrawerTests */,
			);
		};
/* End PBXProject section */

/* Begin PBXResourcesBuildPhase section */
		0AC161421BFDEBE5004A8591 /* Resources */ = {
			isa = PBXResourcesBuildPhase;
			buildActionMask = 2147483647;
			files = (
				0AC161531BFDEBE5004A8591 /* Main.storyboard in Resources */,
				0AC161581BFDEBE5004A8591 /* LaunchScreen.xib in Resources */,
				0AC161551BFDEBE5004A8591 /* Images.xcassets in Resources */,
			);
			runOnlyForDeploymentPostprocessing = 0;
		};
		0AC1615B1BFDEBE5004A8591 /* Resources */ = {
			isa = PBXResourcesBuildPhase;
			buildActionMask = 2147483647;
			files = (
			);
			runOnlyForDeploymentPostprocessing = 0;
		};
/* End PBXResourcesBuildPhase section */

/* Begin PBXSourcesBuildPhase section */
		0AC161401BFDEBE5004A8591 /* Sources */ = {
			isa = PBXSourcesBuildPhase;
			buildActionMask = 2147483647;
			files = (
				0AC161501BFDEBE5004A8591 /* ViewController.m in Sources */,
				0AC161741BFDEC09004A8591 /* LeftViewController.m in Sources */,
				0AC161751BFDEC09004A8591 /* RootViewController.m in Sources */,
				0AC161731BFDEC09004A8591 /* CenterViewController.m in Sources */,
				0AC1614D1BFDEBE5004A8591 /* AppDelegate.m in Sources */,
				0AC1614A1BFDEBE5004A8591 /* main.m in Sources */,
			);
			runOnlyForDeploymentPostprocessing = 0;
		};
		0AC161591BFDEBE5004A8591 /* Sources */ = {
			isa = PBXSourcesBuildPhase;
			buildActionMask = 2147483647;
			files = (
				0AC161641BFDEBE5004A8591 /* ZRSimpleDrawerTests.m in Sources */,
			);
			runOnlyForDeploymentPostprocessing = 0;
		};
/* End PBXSourcesBuildPhase section */

/* Begin PBXTargetDependency section */
		0AC1615F1BFDEBE5004A8591 /* PBXTargetDependency */ = {
			isa = PBXTargetDependency;
			target = 0AC161431BFDEBE5004A8591 /* ZRSimpleDrawer */;
			targetProxy = 0AC1615E1BFDEBE5004A8591 /* PBXContainerItemProxy */;
		};
/* End PBXTargetDependency section */

/* Begin PBXVariantGroup section */
		0AC161511BFDEBE5004A8591 /* Main.storyboard */ = {
			isa = PBXVariantGroup;
			children = (
				0AC161521BFDEBE5004A8591 /* Base */,
			);
			name = Main.storyboard;
			sourceTree = "<group>";
		};
		0AC161561BFDEBE5004A8591 /* LaunchScreen.xib */ = {
			isa = PBXVariantGroup;
			children = (
				0AC161571BFDEBE5004A8591 /* Base */,
			);
			name = LaunchScreen.xib;
			sourceTree = "<group>";
		};
/* End PBXVariantGroup section */

/* Begin XCBuildConfiguration section */
		0AC161651BFDEBE5004A8591 /* Debug */ = {
			isa = XCBuildConfiguration;
			buildSettings = {
				ALWAYS_SEARCH_USER_PATHS = NO;
				CLANG_CXX_LANGUAGE_STANDARD = "gnu++0x";
				CLANG_CXX_LIBRARY = "libc++";
				CLANG_ENABLE_MODULES = YES;
				CLANG_ENABLE_OBJC_ARC = YES;
				CLANG_WARN_BOOL_CONVERSION = YES;
				CLANG_WARN_CONSTANT_CONVERSION = YES;
				CLANG_WARN_DIRECT_OBJC_ISA_USAGE = YES_ERROR;
				CLANG_WARN_EMPTY_BODY = YES;
				CLANG_WARN_ENUM_CONVERSION = YES;
				CLANG_WARN_INT_CONVERSION = YES;
				CLANG_WARN_OBJC_ROOT_CLASS = YES_ERROR;
				CLANG_WARN_UNREACHABLE_CODE = YES;
				CLANG_WARN__DUPLICATE_METHOD_MATCH = YES;
				"CODE_SIGN_IDENTITY[sdk=iphoneos*]" = "iPhone Developer";
				COPY_PHASE_STRIP = NO;
				ENABLE_STRICT_OBJC_MSGSEND = YES;
				GCC_C_LANGUAGE_STANDARD = gnu99;
				GCC_DYNAMIC_NO_PIC = NO;
				GCC_OPTIMIZATION_LEVEL = 0;
				GCC_PREPROCESSOR_DEFINITIONS = (
					"DEBUG=1",
					"$(inherited)",
				);
				GCC_SYMBOLS_PRIVATE_EXTERN = NO;
				GCC_WARN_64_TO_32_BIT_CONVERSION = YES;
				GCC_WARN_ABOUT_RETURN_TYPE = YES_ERROR;
				GCC_WARN_UNDECLARED_SELECTOR = YES;
				GCC_WARN_UNINITIALIZED_AUTOS = YES_AGGRESSIVE;
				GCC_WARN_UNUSED_FUNCTION = YES;
				GCC_WARN_UNUSED_VARIABLE = YES;
				IPHONEOS_DEPLOYMENT_TARGET = 8.1;
				MTL_ENABLE_DEBUG_INFO = YES;
				ONLY_ACTIVE_ARCH = YES;
				SDKROOT = iphoneos;
			};
			name = Debug;
		};
		0AC161661BFDEBE5004A8591 /* Release */ = {
			isa = XCBuildConfiguration;
			buildSettings = {
				ALWAYS_SEARCH_USER_PATHS = NO;
				CLANG_CXX_LANGUAGE_STANDARD = "gnu++0x";
				CLANG_CXX_LIBRARY = "libc++";
				CLANG_ENABLE_MODULES = YES;
				CLANG_ENABLE_OBJC_ARC = YES;
				CLANG_WARN_BOOL_CONVERSION = YES;
				CLANG_WARN_CONSTANT_CONVERSION = YES;
				CLANG_WARN_DIRECT_OBJC_ISA_USAGE = YES_ERROR;
				CLANG_WARN_EMPTY_BODY = YES;
				CLANG_WARN_ENUM_CONVERSION = YES;
				CLANG_WARN_INT_CONVERSION = YES;
				CLANG_WARN_OBJC_ROOT_CLASS = YES_ERROR;
				CLANG_WARN_UNREACHABLE_CODE = YES;
				CLANG_WARN__DUPLICATE_METHOD_MATCH = YES;
				"CODE_SIGN_IDENTITY[sdk=iphoneos*]" = "iPhone Developer";
				COPY_PHASE_STRIP = YES;
				ENABLE_NS_ASSERTIONS = NO;
				ENABLE_STRICT_OBJC_MSGSEND = YES;
				GCC_C_LANGUAGE_STANDARD = gnu99;
				GCC_WARN_64_TO_32_BIT_CONVERSION = YES;
				GCC_WARN_ABOUT_RETURN_TYPE = YES_ERROR;
				GCC_WARN_UNDECLARED_SELECTOR = YES;
				GCC_WARN_UNINITIALIZED_AUTOS = YES_AGGRESSIVE;
				GCC_WARN_UNUSED_FUNCTION = YES;
				GCC_WARN_UNUSED_VARIABLE = YES;
				IPHONEOS_DEPLOYMENT_TARGET = 8.1;
				MTL_ENABLE_DEBUG_INFO = NO;
				SDKROOT = iphoneos;
				VALIDATE_PRODUCT = YES;
			};
			name = Release;
		};
		0AC161681BFDEBE5004A8591 /* Debug */ = {
			isa = XCBuildConfiguration;
			buildSettings = {
				ASSETCATALOG_COMPILER_APPICON_NAME = AppIcon;
				INFOPLIST_FILE = ZRSimpleDrawer/Info.plist;
				LD_RUNPATH_SEARCH_PATHS = "$(inherited) @executable_path/Frameworks";
				PRODUCT_NAME = "$(TARGET_NAME)";
			};
			name = Debug;
		};
		0AC161691BFDEBE5004A8591 /* Release */ = {
			isa = XCBuildConfiguration;
			buildSettings = {
				ASSETCATALOG_COMPILER_APPICON_NAME = AppIcon;
				INFOPLIST_FILE = ZRSimpleDrawer/Info.plist;
				LD_RUNPATH_SEARCH_PATHS = "$(inherited) @executable_path/Frameworks";
				PRODUCT_NAME = "$(TARGET_NAME)";
			};
			name = Release;
		};
		0AC1616B1BFDEBE5004A8591 /* Debug */ = {
			isa = XCBuildConfiguration;
			buildSettings = {
				BUNDLE_LOADER = "$(TEST_HOST)";
				FRAMEWORK_SEARCH_PATHS = (
					"$(SDKROOT)/Developer/Library/Frameworks",
					"$(inherited)",
				);
				GCC_PREPROCESSOR_DEFINITIONS = (
					"DEBUG=1",
					"$(inherited)",
				);
				INFOPLIST_FILE = ZRSimpleDrawerTests/Info.plist;
				LD_RUNPATH_SEARCH_PATHS = "$(inherited) @executable_path/Frameworks @loader_path/Frameworks";
				PRODUCT_NAME = "$(TARGET_NAME)";
				TEST_HOST = "$(BUILT_PRODUCTS_DIR)/ZRSimpleDrawer.app/ZRSimpleDrawer";
			};
			name = Debug;
		};
		0AC1616C1BFDEBE5004A8591 /* Release */ = {
			isa = XCBuildConfiguration;
			buildSettings = {
				BUNDLE_LOADER = "$(TEST_HOST)";
				FRAMEWORK_SEARCH_PATHS = (
					"$(SDKROOT)/Developer/Library/Frameworks",
					"$(inherited)",
				);
				INFOPLIST_FILE = ZRSimpleDrawerTests/Info.plist;
				LD_RUNPATH_SEARCH_PATHS = "$(inherited) @executable_path/Frameworks @loader_path/Frameworks";
				PRODUCT_NAME = "$(TARGET_NAME)";
				TEST_HOST = "$(BUILT_PRODUCTS_DIR)/ZRSimpleDrawer.app/ZRSimpleDrawer";
			};
			name = Release;
		};
/* End XCBuildConfiguration section */

/* Begin XCConfigurationList section */
		0AC1613F1BFDEBE5004A8591 /* Build configuration list for PBXProject "ZRSimpleDrawer" */ = {
			isa = XCConfigurationList;
			buildConfigurations = (
				0AC161651BFDEBE5004A8591 /* Debug */,
				0AC161661BFDEBE5004A8591 /* Release */,
			);
			defaultConfigurationIsVisible = 0;
			defaultConfigurationName = Release;
		};
		0AC161671BFDEBE5004A8591 /* Build configuration list for PBXNativeTarget "ZRSimpleDrawer" */ = {
			isa = XCConfigurationList;
			buildConfigurations = (
				0AC161681BFDEBE5004A8591 /* Debug */,
				0AC161691BFDEBE5004A8591 /* Release */,
			);
			defaultConfigurationIsVisible = 0;
		};
		0AC1616A1BFDEBE5004A8591 /* Build configuration list for PBXNativeTarget "ZRSimpleDrawerTests" */ = {
			isa = XCConfigurationList;
			buildConfigurations = (
				0AC1616B1BFDEBE5004A8591 /* Debug */,
				0AC1616C1BFDEBE5004A8591 /* Release */,
			);
			defaultConfigurationIsVisible = 0;
		};
/* End XCConfigurationList section */
	};
	rootObject = 0AC1613C1BFDEBE5004A8591 /* Project object */;
}
